
Microsoft Visual Studio Solution File, Format Version 12.00
# Visual Studio Version 16
VisualStudioVersion = 16.0.29326.143
MinimumVisualStudioVersion = 10.0.40219.1
Project("{FAE04EC0-301F-11D3-BF4B-00C04F79EFBC}") = "Task_2", "Task_2\Task_2.csproj", "{23E9A872-996D-40A0-986A-613C50C46960}"
EndProject
Global
	GlobalSection(SolutionConfigurationPlatforms) = preSolution
		Debug|Any CPU = Debug|Any CPU
		Release|Any CPU = Release|Any CPU
	EndGlobalSection
	GlobalSection(ProjectConfigurationPlatforms) = postSolution
		{23E9A872-996D-40A0-986A-613C50C46960}.Debug|Any CPU.ActiveCfg = Debug|Any CPU
		{23E9A872-996D-40A0-986A-613C50C46960}.Debug|Any CPU.Build.0 = Debug|Any CPU
		{23E9A872-996D-40A0-986A-613C50C46960}.Release|Any CPU.ActiveCfg = Release|Any CPU
		{23E9A872-996D-40A0-986A-613C50C46960}.Release|Any CPU.Build.0 = Release|Any CPU
	EndGlobalSection
	GlobalSection(SolutionProperties) = preSolution
		HideSolutionNode = FALSE
	EndGlobalSection
	GlobalSection(ExtensibilityGlobals) = postSolution
		SolutionGuid = {5E15C03C-8140-4334-AF88-74DD21CBCB13}
	EndGlobalSection
EndGlobal
